
Microsoft Visual Studio Solution File, Format Version 12.00
# Visual Studio Version 17
VisualStudioVersion = 17.0.31912.275
MinimumVisualStudioVersion = 10.0.40219.1
Project("{FAE04EC0-301F-11D3-BF4B-00C04F79EFBC}") = "Program_20", "Program_20\Program_20.csproj", "{3F313C2E-5AB4-4363-AEBD-0FF882AB8704}"
EndProject
Global
	GlobalSection(SolutionConfigurationPlatforms) = preSolution
		Debug|Any CPU = Debug|Any CPU
		Release|Any CPU = Release|Any CPU
	EndGlobalSection
	GlobalSection(ProjectConfigurationPlatforms) = postSolution
		{3F313C2E-5AB4-4363-AEBD-0FF882AB8704}.Debug|Any CPU.ActiveCfg = Debug|Any CPU
		{3F313C2E-5AB4-4363-AEBD-0FF882AB8704}.Debug|Any CPU.Build.0 = Debug|Any CPU
		{3F313C2E-5AB4-4363-AEBD-0FF882AB8704}.Release|Any CPU.ActiveCfg = Release|Any CPU
		{3F313C2E-5AB4-4363-AEBD-0FF882AB8704}.Release|Any CPU.Build.0 = Release|Any CPU
	EndGlobalSection
	GlobalSection(SolutionProperties) = preSolution
		HideSolutionNode = FALSE
	EndGlobalSection
	GlobalSection(ExtensibilityGlobals) = postSolution
		SolutionGuid = {90F26EC0-6B90-4DCE-A84B-3C8840B92994}
	EndGlobalSection
EndGlobal
